schema: '2.0'
stages:
  preprocess@1:
    cmd: python -m article_classification_pwr_2022.preprocessing.preprocess --dataset
      validation --output-file data/processed_val.pkl
    outs:
    - path: data/processed_val.pkl
      md5: 86ee1d4cdfc8390f7b2b87df21065d6f
      size: 1239837633
  preprocess@0:
    cmd: python -m article_classification_pwr_2022.preprocessing.preprocess --dataset
      train --output-file data/processed_train.pkl
    outs:
    - path: data/processed_train.pkl
      md5: dde38492399d104f1ff3d5f3b148a805
      size: 5936579108
  preprocess@2:
    cmd: python -m article_classification_pwr_2022.preprocessing.preprocess --dataset
      test --output-file data/processed_test.pkl
    outs:
    - path: data/processed_test.pkl
      md5: c1bca3697e0819d1a9927d1923132c2f
      size: 1241582445
